# This file was autogenerated by Stack.
# You should not edit this file by hand.
# For more information, please see the documentation at:
#   https://docs.haskellstack.org/en/stable/lock_files

packages:
- completed:
    hackage: authenticate-oauth-1.6.0.1@sha256:d94fb6a4ea2b130d4fbe9d37c0f8bcae1d4fb312a04b3d556899622966ad2622,1608
    pantry-tree:
      size: 399
      sha256: baad76dc8b0ed8f2eb8a8179bb5445e0d94ad8f2f97a2052fc4b2e5299c316ce
  original:
    hackage: authenticate-oauth-1.6.0.1@rev:2
- completed:
    hackage: amazonka-1.6.1@sha256:d863557379350ed6bbb91187abeb8c349a654f60b140d138710486f58ae7c476,3536
    pantry-tree:
      size: 992
      sha256: 55747f9b56063ea1be73a962e1ce44528b9856e119e2d9f1238397b3112b6e70
  original:
    hackage: amazonka-1.6.1@sha256:d863557379350ed6bbb91187abeb8c349a654f60b140d138710486f58ae7c476,3536
- completed:
    hackage: amazonka-core-1.6.1@sha256:9bc59ce403c6eeba3b3eaf3f10e5f0b6a33b6edbbf8f6de0dd6f4c67b86fa698,5135
    pantry-tree:
      size: 3438
      sha256: c13e643176308771491ec0e06390e269047bb1b28be4535992842f7426a95eb4
  original:
    hackage: amazonka-core-1.6.1@sha256:9bc59ce403c6eeba3b3eaf3f10e5f0b6a33b6edbbf8f6de0dd6f4c67b86fa698,5135
- completed:
    hackage: amazonka-ses-1.6.1@sha256:335796c855121ca34affd35097676587d5ebe0b2e576da42faaedd9d163881b0,6425
    pantry-tree:
      size: 18151
      sha256: 1b4746acac660d5418731b3972c4ff2285ee3435c709dfda67df49665f781d0a
  original:
    hackage: amazonka-ses-1.6.1@sha256:335796c855121ca34affd35097676587d5ebe0b2e576da42faaedd9d163881b0,6425
- completed:
    hackage: amazonka-s3-1.6.1@sha256:9d07240fca59ad5197fb614ce3051e701e4951e6d4625a2dab4a9c17a1900194,6317
    pantry-tree:
      size: 18385
      sha256: 5cab233d241615764d9fd6927bc397f02887154450a9932c38c2e17ea86d79bc
  original:
    hackage: amazonka-s3-1.6.1@sha256:9d07240fca59ad5197fb614ce3051e701e4951e6d4625a2dab4a9c17a1900194,6317
- completed:
    hackage: base58-bytestring-0.1.0@sha256:a1da72ee89d5450bac1c792d9fcbe95ed7154ab7246f2172b57bd4fd9b5eab79,1913
    pantry-tree:
      size: 419
      sha256: 053784f8edef6433518c873a7c502dc75348f812e2384e1306f90467ea54f40b
  original:
    hackage: base58-bytestring-0.1.0@sha256:a1da72ee89d5450bac1c792d9fcbe95ed7154ab7246f2172b57bd4fd9b5eab79,1913
- completed:
    name: feed
    version: 1.3.2.0
    git: git://github.com/alexmingoia/feed
    pantry-tree:
      size: 3666
      sha256: 2e04a75847721986ae982bb3bea0d52a81135b68caf4af2219cd76e3f0c6f658
    commit: eb411e2bfb0b289486475bb0c54da63ba2430cfd
  original:
    git: git://github.com/alexmingoia/feed
    commit: eb411e2bfb0b289486475bb0c54da63ba2430cfd
- completed:
    name: webmention
    version: 0.1.0.0
    git: git://github.com/alexmingoia/webmention
    pantry-tree:
      size: 585
      sha256: 835397d16c974e8e4c9b1e6a4f755486d6abeb996244971602229884a1214604
    commit: 97e580a2d3407bf707967748a0a9449132476e83
  original:
    git: git://github.com/alexmingoia/webmention
    commit: 97e580a2d3407bf707967748a0a9449132476e83
- completed:
    name: twain
    version: 1.0.0.0
    git: git://github.com/alexmingoia/twain
    pantry-tree:
      size: 696
      sha256: b85ad90acb2dc4ac05f41150cac2b85eef840b6f3aef4d52993eeb2efa63fbe2
    commit: 8a2566aa217b46e934bff09d9873eead7ed5a12c
  original:
    git: git://github.com/alexmingoia/twain
    commit: 8a2566aa217b46e934bff09d9873eead7ed5a12c
- completed:
    name: twitter-conduit
    version: 0.5.1
    git: https://github.com/himura/twitter-conduit.git
    pantry-tree:
      size: 2689
      sha256: 6be61490634cc2c8b96e17fc886a8885d546be6bc5f2c9982d2c7feea97dd1b2
    commit: fe9390577453d36760868c027cbc2c2c4f25c1ed
  original:
    git: https://github.com/himura/twitter-conduit.git
    commit: fe9390577453d36760868c027cbc2c2c4f25c1ed
- completed:
    hackage: twitter-types-0.10.1@sha256:5ebed648815b96f54b0b1d3e86b3443d8900a86ce3ab885d71fb8c1ba5aacbc0,1568
    pantry-tree:
      size: 2921
      sha256: 5edadc18ca570a7e53ef3b78415b7df64b429ee4374acfd604ee09a1d3bb10d6
  original:
    hackage: twitter-types-0.10.1@sha256:5ebed648815b96f54b0b1d3e86b3443d8900a86ce3ab885d71fb8c1ba5aacbc0,1568
- completed:
    hackage: twitter-types-lens-0.10.0@sha256:c9589b49b92e0ca3f2b0472959d5ca9f26589caa8b3af182fcd9697dda570751,974
    pantry-tree:
      size: 295
      sha256: 8f9b475ca94cb8394bfce6705433c323494a0b8bfbf284158d5e3a7a8ddd72e6
  original:
    hackage: twitter-types-lens-0.10.0@sha256:c9589b49b92e0ca3f2b0472959d5ca9f26589caa8b3af182fcd9697dda570751,974
- completed:
    hackage: resolv-0.1.2.0@sha256:0a9a6dd29706258ae60a5c22aecc140a40743b8f08fc324fd9984e7dfbf3a80d,4548
    pantry-tree:
      size: 16455
      sha256: f48dedfded891bd336e55a1538da9649978cae48a3ee6dfc2865960d8c069713
  original:
    hackage: resolv-0.1.2.0@sha256:0a9a6dd29706258ae60a5c22aecc140a40743b8f08fc324fd9984e7dfbf3a80d,4548
- completed:
    hackage: selda-0.5.1.0@sha256:8f4f7afddfb8ba3bcc8677e2a3f0b183ce85eed2c4ed6d7b8b40f057f573bf69,3111
    pantry-tree:
      size: 2462
      sha256: 84aaea80bc34993c30cd954b4d8c03a97fde88544c83582bfbddfce20f50497b
  original:
    hackage: selda-0.5.1.0@sha256:8f4f7afddfb8ba3bcc8677e2a3f0b183ce85eed2c4ed6d7b8b40f057f573bf69,3111
- completed:
    hackage: base-encoding-0.2.0.0@sha256:aea85215ff6f92e94d559e779e25e18b6722299ed9c4d2bcf6a66fb9808f0812,1563
    pantry-tree:
      size: 473
      sha256: 16f9a52c8e5412aca4bf4dccd720d41b33d16008072aa9251cda81825ea39dbc
  original:
    hackage: base-encoding-0.2.0.0@sha256:aea85215ff6f92e94d559e779e25e18b6722299ed9c4d2bcf6a66fb9808f0812,1563
- completed:
    hackage: base64-bytestring-1.1.0.0@sha256:190264fef9e65d9085f00ccda419137096d1dc94777c58272bc96821dc7f37c3,2334
    pantry-tree:
      size: 850
      sha256: 9ade5b5911df97c37b249b84f123297049f19578cae171c647bf47683633427c
  original:
    hackage: base64-bytestring-1.1.0.0@sha256:190264fef9e65d9085f00ccda419137096d1dc94777c58272bc96821dc7f37c3,2334
snapshots:
- completed:
    size: 525876
    url: https://raw.githubusercontent.com/commercialhaskell/stackage-snapshots/master/lts/14/13.yaml
    sha256: 4a0e79eb194c937cc2a1852ff84d983c63ac348dc6bad5f38d20cab697036eef
  original: lts-14.13
